
Microsoft Visual Studio Solution File, Format Version 12.00
# Visual Studio 15
Project("{FAE04EC0-301F-11D3-BF4B-00C04F79EFBC}") = "VRPresentation.Plugins", "VRPresentation.Plugins.csproj", "{1FD4CC10-57A5-0523-7D04-E27A7BA385F0}"
EndProject
Project("{FAE04EC0-301F-11D3-BF4B-00C04F79EFBC}") = "VRPresentation", "VRPresentation.csproj", "{C0D904BF-DDFC-B30E-A7A0-2B726AB0EF47}"
EndProject
Project("{FAE04EC0-301F-11D3-BF4B-00C04F79EFBC}") = "VRPresentation.Editor.Plugins", "VRPresentation.Editor.Plugins.csproj", "{0904F07B-601F-A6B0-5B50-3585A4DF2B47}"
EndProject
Global
	GlobalSection(SolutionConfigurationPlatforms) = preSolution
		Debug|Any CPU = Debug|Any CPU
		Release|Any CPU = Release|Any CPU
	EndGlobalSection
	GlobalSection(ProjectConfigurationPlatforms) = postSolution
		{1FD4CC10-57A5-0523-7D04-E27A7BA385F0}.Debug|Any CPU.ActiveCfg = Debug|Any CPU
		{1FD4CC10-57A5-0523-7D04-E27A7BA385F0}.Debug|Any CPU.Build.0 = Debug|Any CPU
		{1FD4CC10-57A5-0523-7D04-E27A7BA385F0}.Release|Any CPU.ActiveCfg = Release|Any CPU
		{1FD4CC10-57A5-0523-7D04-E27A7BA385F0}.Release|Any CPU.Build.0 = Release|Any CPU
		{C0D904BF-DDFC-B30E-A7A0-2B726AB0EF47}.Debug|Any CPU.ActiveCfg = Debug|Any CPU
		{C0D904BF-DDFC-B30E-A7A0-2B726AB0EF47}.Debug|Any CPU.Build.0 = Debug|Any CPU
		{C0D904BF-DDFC-B30E-A7A0-2B726AB0EF47}.Release|Any CPU.ActiveCfg = Release|Any CPU
		{C0D904BF-DDFC-B30E-A7A0-2B726AB0EF47}.Release|Any CPU.Build.0 = Release|Any CPU
		{0904F07B-601F-A6B0-5B50-3585A4DF2B47}.Debug|Any CPU.ActiveCfg = Debug|Any CPU
		{0904F07B-601F-A6B0-5B50-3585A4DF2B47}.Debug|Any CPU.Build.0 = Debug|Any CPU
		{0904F07B-601F-A6B0-5B50-3585A4DF2B47}.Release|Any CPU.ActiveCfg = Release|Any CPU
		{0904F07B-601F-A6B0-5B50-3585A4DF2B47}.Release|Any CPU.Build.0 = Release|Any CPU
	EndGlobalSection
	GlobalSection(SolutionProperties) = preSolution
		HideSolutionNode = FALSE
	EndGlobalSection
EndGlobal
